
Microsoft Visual Studio Solution File, Format Version 12.00
# Visual Studio 15
VisualStudioVersion = 15.0.28307.489
MinimumVisualStudioVersion = 10.0.40219.1
Project("{00D1A9C2-B5F0-4AF3-8072-F6C62B433612}") = "AdventureWorks", "AdventureWorks\AdventureWorks.sqlproj", "{36A31670-833D-41D6-A150-2FD1DBD5A34A}"
EndProject
Global
	GlobalSection(SolutionConfigurationPlatforms) = preSolution
		Debug|Any CPU = Debug|Any CPU
		Release|Any CPU = Release|Any CPU
	EndGlobalSection
	GlobalSection(ProjectConfigurationPlatforms) = postSolution
		{36A31670-833D-41D6-A150-2FD1DBD5A34A}.Debug|Any CPU.ActiveCfg = Debug|Any CPU
		{36A31670-833D-41D6-A150-2FD1DBD5A34A}.Debug|Any CPU.Build.0 = Debug|Any CPU
		{36A31670-833D-41D6-A150-2FD1DBD5A34A}.Debug|Any CPU.Deploy.0 = Debug|Any CPU
		{36A31670-833D-41D6-A150-2FD1DBD5A34A}.Release|Any CPU.ActiveCfg = Release|Any CPU
		{36A31670-833D-41D6-A150-2FD1DBD5A34A}.Release|Any CPU.Build.0 = Release|Any CPU
		{36A31670-833D-41D6-A150-2FD1DBD5A34A}.Release|Any CPU.Deploy.0 = Release|Any CPU
	EndGlobalSection
	GlobalSection(SolutionProperties) = preSolution
		HideSolutionNode = FALSE
	EndGlobalSection
	GlobalSection(ExtensibilityGlobals) = postSolution
		SolutionGuid = {F7FC2405-1D44-4408-A7C5-39C32799D89A}
	EndGlobalSection
EndGlobal
